
Microsoft Visual Studio Solution File, Format Version 12.00
# Visual Studio 15
VisualStudioVersion = 15.0.27428.2005
MinimumVisualStudioVersion = 10.0.40219.1
Project("{FAE04EC0-301F-11D3-BF4B-00C04F79EFBC}") = "TotalTime", "TotalTime\TotalTime.csproj", "{9856F834-7E93-48F4-92C5-B7D2862468AD}"
EndProject
Project("{2150E333-8FDC-42A3-9474-1A3956D46DE8}") = "Solution Items", "Solution Items", "{F1958211-D3D4-42B6-A4D8-E7F96827BF48}"
	ProjectSection(SolutionItems) = preProject
		buildRelease.bat = buildRelease.bat
		ChangeLog.txt = ChangeLog.txt
		deploy.bat = deploy.bat
		jenkins.txt = jenkins.txt
		License.txt = License.txt
		README.md = README.md
		TotalTime.version = TotalTime.version
	EndProjectSection
EndProject
Global
	GlobalSection(SolutionConfigurationPlatforms) = preSolution
		Debug|Any CPU = Debug|Any CPU
		Release|Any CPU = Release|Any CPU
	EndGlobalSection
	GlobalSection(ProjectConfigurationPlatforms) = postSolution
		{9856F834-7E93-48F4-92C5-B7D2862468AD}.Debug|Any CPU.ActiveCfg = Debug|Any CPU
		{9856F834-7E93-48F4-92C5-B7D2862468AD}.Debug|Any CPU.Build.0 = Debug|Any CPU
		{9856F834-7E93-48F4-92C5-B7D2862468AD}.Release|Any CPU.ActiveCfg = Release|Any CPU
		{9856F834-7E93-48F4-92C5-B7D2862468AD}.Release|Any CPU.Build.0 = Release|Any CPU
	EndGlobalSection
	GlobalSection(SolutionProperties) = preSolution
		HideSolutionNode = FALSE
	EndGlobalSection
	GlobalSection(ExtensibilityGlobals) = postSolution
		SolutionGuid = {D8744213-BD9B-4FD1-856C-926DCBAB3C22}
	EndGlobalSection
EndGlobal
